
Microsoft Visual Studio Solution File, Format Version 12.00
# Visual Studio Version 16
VisualStudioVersion = 16.0.30413.136
MinimumVisualStudioVersion = 10.0.40219.1
Project("{FAE04EC0-301F-11D3-BF4B-00C04F79EFBC}") = "CalculaVolumeCilindro", "CalculaVolumeCilindro\CalculaVolumeCilindro.csproj", "{1AC8C68C-D7FF-43B3-A93D-B69909D8F499}"
EndProject
Global
	GlobalSection(SolutionConfigurationPlatforms) = preSolution
		Debug|Any CPU = Debug|Any CPU
		Release|Any CPU = Release|Any CPU
	EndGlobalSection
	GlobalSection(ProjectConfigurationPlatforms) = postSolution
		{1AC8C68C-D7FF-43B3-A93D-B69909D8F499}.Debug|Any CPU.ActiveCfg = Debug|Any CPU
		{1AC8C68C-D7FF-43B3-A93D-B69909D8F499}.Debug|Any CPU.Build.0 = Debug|Any CPU
		{1AC8C68C-D7FF-43B3-A93D-B69909D8F499}.Release|Any CPU.ActiveCfg = Release|Any CPU
		{1AC8C68C-D7FF-43B3-A93D-B69909D8F499}.Release|Any CPU.Build.0 = Release|Any CPU
	EndGlobalSection
	GlobalSection(SolutionProperties) = preSolution
		HideSolutionNode = FALSE
	EndGlobalSection
	GlobalSection(ExtensibilityGlobals) = postSolution
		SolutionGuid = {1C93104E-36D2-42C3-BB1B-08AA95A9D9A3}
	EndGlobalSection
EndGlobal
