
Microsoft Visual Studio Solution File, Format Version 12.00
# Visual Studio Version 16
VisualStudioVersion = 16.0.30517.126
MinimumVisualStudioVersion = 10.0.40219.1
Project("{FAE04EC0-301F-11D3-BF4B-00C04F79EFBC}") = "ConversorMedidas", "ConversorMedidas.csproj", "{B18698AB-3382-4C48-B925-E8884F25EA54}"
EndProject
Global
	GlobalSection(SolutionConfigurationPlatforms) = preSolution
		Debug|Any CPU = Debug|Any CPU
		Release|Any CPU = Release|Any CPU
	EndGlobalSection
	GlobalSection(ProjectConfigurationPlatforms) = postSolution
		{B18698AB-3382-4C48-B925-E8884F25EA54}.Debug|Any CPU.ActiveCfg = Debug|Any CPU
		{B18698AB-3382-4C48-B925-E8884F25EA54}.Debug|Any CPU.Build.0 = Debug|Any CPU
		{B18698AB-3382-4C48-B925-E8884F25EA54}.Release|Any CPU.ActiveCfg = Release|Any CPU
		{B18698AB-3382-4C48-B925-E8884F25EA54}.Release|Any CPU.Build.0 = Release|Any CPU
	EndGlobalSection
	GlobalSection(SolutionProperties) = preSolution
		HideSolutionNode = FALSE
	EndGlobalSection
	GlobalSection(ExtensibilityGlobals) = postSolution
		SolutionGuid = {201625CA-9B39-4F05-9F61-F71747F4485C}
	EndGlobalSection
EndGlobal
