
Microsoft Visual Studio Solution File, Format Version 12.00
# Visual Studio Version 16
VisualStudioVersion = 16.0.30517.126
MinimumVisualStudioVersion = 10.0.40219.1
Project("{FAE04EC0-301F-11D3-BF4B-00C04F79EFBC}") = "P30482011037", "P30482011037.csproj", "{CA3D69D0-6036-4F31-9426-A59E8492E84F}"
EndProject
Global
	GlobalSection(SolutionConfigurationPlatforms) = preSolution
		Debug|Any CPU = Debug|Any CPU
		Release|Any CPU = Release|Any CPU
	EndGlobalSection
	GlobalSection(ProjectConfigurationPlatforms) = postSolution
		{CA3D69D0-6036-4F31-9426-A59E8492E84F}.Debug|Any CPU.ActiveCfg = Debug|Any CPU
		{CA3D69D0-6036-4F31-9426-A59E8492E84F}.Debug|Any CPU.Build.0 = Debug|Any CPU
		{CA3D69D0-6036-4F31-9426-A59E8492E84F}.Release|Any CPU.ActiveCfg = Release|Any CPU
		{CA3D69D0-6036-4F31-9426-A59E8492E84F}.Release|Any CPU.Build.0 = Release|Any CPU
	EndGlobalSection
	GlobalSection(SolutionProperties) = preSolution
		HideSolutionNode = FALSE
	EndGlobalSection
	GlobalSection(ExtensibilityGlobals) = postSolution
		SolutionGuid = {D45F3548-0D07-452D-B3DD-41CC6AE3C0A0}
	EndGlobalSection
EndGlobal
